
Microsoft Visual Studio Solution File, Format Version 12.00
# Visual Studio Version 17
VisualStudioVersion = 17.7.34024.191
MinimumVisualStudioVersion = 10.0.40219.1
Project("{FAE04EC0-301F-11D3-BF4B-00C04F79EFBC}") = "D", "D\D.csproj", "{209BFE82-1C5F-4F15-A887-93FB5DF4A01E}"
EndProject
Global
	GlobalSection(SolutionConfigurationPlatforms) = preSolution
		Debug|Any CPU = Debug|Any CPU
		Release|Any CPU = Release|Any CPU
	EndGlobalSection
	GlobalSection(ProjectConfigurationPlatforms) = postSolution
		{209BFE82-1C5F-4F15-A887-93FB5DF4A01E}.Debug|Any CPU.ActiveCfg = Debug|Any CPU
		{209BFE82-1C5F-4F15-A887-93FB5DF4A01E}.Debug|Any CPU.Build.0 = Debug|Any CPU
		{209BFE82-1C5F-4F15-A887-93FB5DF4A01E}.Release|Any CPU.ActiveCfg = Release|Any CPU
		{209BFE82-1C5F-4F15-A887-93FB5DF4A01E}.Release|Any CPU.Build.0 = Release|Any CPU
	EndGlobalSection
	GlobalSection(SolutionProperties) = preSolution
		HideSolutionNode = FALSE
	EndGlobalSection
	GlobalSection(ExtensibilityGlobals) = postSolution
		SolutionGuid = {6DA523E2-E883-4EA1-8CF9-4043B26DC5AB}
	EndGlobalSection
EndGlobal
